
Microsoft Visual Studio Solution File, Format Version 12.00
# Visual Studio Version 16
VisualStudioVersion = 16.0.30330.147
MinimumVisualStudioVersion = 10.0.40219.1
Project("{FAE04EC0-301F-11D3-BF4B-00C04F79EFBC}") = "管理系统", "管理系统.csproj", "{96D3FA54-9E41-4F4A-8CD2-1E05969D5418}"
EndProject
Global
	GlobalSection(SolutionConfigurationPlatforms) = preSolution
		Debug|Any CPU = Debug|Any CPU
		Release|Any CPU = Release|Any CPU
	EndGlobalSection
	GlobalSection(ProjectConfigurationPlatforms) = postSolution
		{96D3FA54-9E41-4F4A-8CD2-1E05969D5418}.Debug|Any CPU.ActiveCfg = Debug|Any CPU
		{96D3FA54-9E41-4F4A-8CD2-1E05969D5418}.Debug|Any CPU.Build.0 = Debug|Any CPU
		{96D3FA54-9E41-4F4A-8CD2-1E05969D5418}.Release|Any CPU.ActiveCfg = Release|Any CPU
		{96D3FA54-9E41-4F4A-8CD2-1E05969D5418}.Release|Any CPU.Build.0 = Release|Any CPU
	EndGlobalSection
	GlobalSection(SolutionProperties) = preSolution
		HideSolutionNode = FALSE
	EndGlobalSection
	GlobalSection(ExtensibilityGlobals) = postSolution
		SolutionGuid = {3BD01497-4E5A-4C31-BF35-62D7020290C1}
	EndGlobalSection
EndGlobal
